
Microsoft Visual Studio Solution File, Format Version 12.00
# Visual Studio Version 17
VisualStudioVersion = 17.11.35312.102
MinimumVisualStudioVersion = 10.0.40219.1
Project("{FAE04EC0-301F-11D3-BF4B-00C04F79EFBC}") = "LibrarySystemAPP", "LibrarySystemAPP\LibrarySystemAPP.csproj", "{0A5A3788-C44F-45C7-B53A-FE4E94C9FBFF}"
EndProject
Project("{FAE04EC0-301F-11D3-BF4B-00C04F79EFBC}") = "LibrarySystemBL", "LibrarySystemBL\LibrarySystemBL.csproj", "{F72B60B6-1C38-4DBA-A933-AB08F000BD58}"
EndProject
Project("{FAE04EC0-301F-11D3-BF4B-00C04F79EFBC}") = "LibraryitemTests", "LibraryitemTests\LibraryitemTests.csproj", "{8D81C784-F82D-4A98-A237-D0D68D92B769}"
EndProject
Global
	GlobalSection(SolutionConfigurationPlatforms) = preSolution
		Debug|Any CPU = Debug|Any CPU
		Release|Any CPU = Release|Any CPU
	EndGlobalSection
	GlobalSection(ProjectConfigurationPlatforms) = postSolution
		{0A5A3788-C44F-45C7-B53A-FE4E94C9FBFF}.Debug|Any CPU.ActiveCfg = Debug|Any CPU
		{0A5A3788-C44F-45C7-B53A-FE4E94C9FBFF}.Debug|Any CPU.Build.0 = Debug|Any CPU
		{0A5A3788-C44F-45C7-B53A-FE4E94C9FBFF}.Release|Any CPU.ActiveCfg = Release|Any CPU
		{0A5A3788-C44F-45C7-B53A-FE4E94C9FBFF}.Release|Any CPU.Build.0 = Release|Any CPU
		{F72B60B6-1C38-4DBA-A933-AB08F000BD58}.Debug|Any CPU.ActiveCfg = Debug|Any CPU
		{F72B60B6-1C38-4DBA-A933-AB08F000BD58}.Debug|Any CPU.Build.0 = Debug|Any CPU
		{F72B60B6-1C38-4DBA-A933-AB08F000BD58}.Release|Any CPU.ActiveCfg = Release|Any CPU
		{F72B60B6-1C38-4DBA-A933-AB08F000BD58}.Release|Any CPU.Build.0 = Release|Any CPU
		{8D81C784-F82D-4A98-A237-D0D68D92B769}.Debug|Any CPU.ActiveCfg = Debug|Any CPU
		{8D81C784-F82D-4A98-A237-D0D68D92B769}.Debug|Any CPU.Build.0 = Debug|Any CPU
		{8D81C784-F82D-4A98-A237-D0D68D92B769}.Release|Any CPU.ActiveCfg = Release|Any CPU
		{8D81C784-F82D-4A98-A237-D0D68D92B769}.Release|Any CPU.Build.0 = Release|Any CPU
	EndGlobalSection
	GlobalSection(SolutionProperties) = preSolution
		HideSolutionNode = FALSE
	EndGlobalSection
	GlobalSection(ExtensibilityGlobals) = postSolution
		SolutionGuid = {385ACD40-377F-47C9-B9EF-20A32EC67153}
	EndGlobalSection
EndGlobal
